// !$*UTF8*$!
{
	archiveVersion = 1;
	classes = {
	};
	objectVersion = 46;
	objects = {

/* Begin PBXBuildFile section */
		D0A653191E7FAE2F0045703D /* main.m in Sources */ = {isa = PBXBuildFile; fileRef = D0A653181E7FAE2F0045703D /* main.m */; };
		D0A6531C1E7FAE2F0045703D /* AppDelegate.m in Sources */ = {isa = PBXBuildFile; fileRef = D0A6531B1E7FAE2F0045703D /* AppDelegate.m */; };
		D0A653221E7FAE2F0045703D /* Main.storyboard in Resources */ = {isa = PBXBuildFile; fileRef = D0A653201E7FAE2F0045703D /* Main.storyboard */; };
		D0A653241E7FAE2F0045703D /* Assets.xcassets in Resources */ = {isa = PBXBuildFile; fileRef = D0A653231E7FAE2F0045703D /* Assets.xcassets */; };
		D0A653271E7FAE2F0045703D /* LaunchScreen.storyboard in Resources */ = {isa = PBXBuildFile; fileRef = D0A653251E7FAE2F0045703D /* LaunchScreen.storyboard */; };
		D0E108161E7FC06800AA9E3E /* CBWGlobalUserStatisticsConfig.plist in Resources */ = {isa = PBXBuildFile; fileRef = D0E1080D1E7FC06800AA9E3E /* CBWGlobalUserStatisticsConfig.plist */; };
		D0E108171E7FC06800AA9E3E /* CBWHookUtility.m in Sources */ = {isa = PBXBuildFile; fileRef = D0E1080F1E7FC06800AA9E3E /* CBWHookUtility.m */; };
		D0E108181E7FC06800AA9E3E /* QDUserStastisticsEventsTool.m in Sources */ = {isa = PBXBuildFile; fileRef = D0E108111E7FC06800AA9E3E /* QDUserStastisticsEventsTool.m */; };
		D0E108191E7FC06800AA9E3E /* UIButton+UserStastics.m in Sources */ = {isa = PBXBuildFile; fileRef = D0E108131E7FC06800AA9E3E /* UIButton+UserStastics.m */; };
		D0E1081A1E7FC06800AA9E3E /* UIViewController+UserStastistics.m in Sources */ = {isa = PBXBuildFile; fileRef = D0E108151E7FC06800AA9E3E /* UIViewController+UserStastistics.m */; };
		D0E108201E7FC07100AA9E3E /* SecondViewController.m in Sources */ = {isa = PBXBuildFile; fileRef = D0E1081D1E7FC07100AA9E3E /* SecondViewController.m */; };
		D0E108211E7FC07100AA9E3E /* ViewController.m in Sources */ = {isa = PBXBuildFile; fileRef = D0E1081F1E7FC07100AA9E3E /* ViewController.m */; };
		D0E108241E7FC90800AA9E3E /* UITapGestureRecognizer+UserStatistics.m in Sources */ = {isa = PBXBuildFile; fileRef = D0E108231E7FC90800AA9E3E /* UITapGestureRecognizer+UserStatistics.m */; };
/* End PBXBuildFile section */

/* Begin PBXFileReference section */
		D0A653141E7FAE2F0045703D /* EventTracking.app */ = {isa = PBXFileReference; explicitFileType = wrapper.application; includeInIndex = 0; path = EventTracking.app; sourceTree = BUILT_PRODUCTS_DIR; };
		D0A653181E7FAE2F0045703D /* main.m */ = {isa = PBXFileReference; lastKnownFileType = sourcecode.c.objc; path = main.m; sourceTree = "<group>"; };
		D0A6531A1E7FAE2F0045703D /* AppDelegate.h */ = {isa = PBXFileReference; lastKnownFileType = sourcecode.c.h; path = AppDelegate.h; sourceTree = "<group>"; };
		D0A6531B1E7FAE2F0045703D /* AppDelegate.m */ = {isa = PBXFileReference; lastKnownFileType = sourcecode.c.objc; path = AppDelegate.m; sourceTree = "<group>"; };
		D0A653211E7FAE2F0045703D /* Base */ = {isa = PBXFileReference; lastKnownFileType = file.storyboard; name = Base; path = Base.lproj/Main.storyboard; sourceTree = "<group>"; };
		D0A653231E7FAE2F0045703D /* Assets.xcassets */ = {isa = PBXFileReference; lastKnownFileType = folder.assetcatalog; path = Assets.xcassets; sourceTree = "<group>"; };
		D0A653261E7FAE2F0045703D /* Base */ = {isa = PBXFileReference; lastKnownFileType = file.storyboard; name = Base; path = Base.lproj/LaunchScreen.storyboard; sourceTree = "<group>"; };
		D0A653281E7FAE2F0045703D /* Info.plist */ = {isa = PBXFileReference; lastKnownFileType = text.plist.xml; path = Info.plist; sourceTree = "<group>"; };
		D0E1080D1E7FC06800AA9E3E /* CBWGlobalUserStatisticsConfig.plist */ = {isa = PBXFileReference; fileEncoding = 4; lastKnownFileType = text.plist.xml; path = CBWGlobalUserStatisticsConfig.plist; sourceTree = "<group>"; };
		D0E1080E1E7FC06800AA9E3E /* CBWHookUtility.h */ = {isa = PBXFileReference; fileEncoding = 4; lastKnownFileType = sourcecode.c.h; path = CBWHookUtility.h; sourceTree = "<group>"; };
		D0E1080F1E7FC06800AA9E3E /* CBWHookUtility.m */ = {isa = PBXFileReference; fileEncoding = 4; lastKnownFileType = sourcecode.c.objc; path = CBWHookUtility.m; sourceTree = "<group>"; };
		D0E108101E7FC06800AA9E3E /* QDUserStastisticsEventsTool.h */ = {isa = PBXFileReference; fileEncoding = 4; lastKnownFileType = sourcecode.c.h; path = QDUserStastisticsEventsTool.h; sourceTree = "<group>"; };
		D0E108111E7FC06800AA9E3E /* QDUserStastisticsEventsTool.m */ = {isa = PBXFileReference; fileEncoding = 4; lastKnownFileType = sourcecode.c.objc; path = QDUserStastisticsEventsTool.m; sourceTree = "<group>"; };
		D0E108121E7FC06800AA9E3E /* UIButton+UserStastics.h */ = {isa = PBXFileReference; fileEncoding = 4; lastKnownFileType = sourcecode.c.h; path = "UIButton+UserStastics.h"; sourceTree = "<group>"; };
		D0E108131E7FC06800AA9E3E /* UIButton+UserStastics.m */ = {isa = PBXFileReference; fileEncoding = 4; lastKnownFileType = sourcecode.c.objc; path = "UIButton+UserStastics.m"; sourceTree = "<group>"; };
		D0E108141E7FC06800AA9E3E /* UIViewController+UserStastistics.h */ = {isa = PBXFileReference; fileEncoding = 4; lastKnownFileType = sourcecode.c.h; path = "UIViewController+UserStastistics.h"; sourceTree = "<group>"; };
		D0E108151E7FC06800AA9E3E /* UIViewController+UserStastistics.m */ = {isa = PBXFileReference; fileEncoding = 4; lastKnownFileType = sourcecode.c.objc; path = "UIViewController+UserStastistics.m"; sourceTree = "<group>"; };
		D0E1081C1E7FC07100AA9E3E /* SecondViewController.h */ = {isa = PBXFileReference; fileEncoding = 4; lastKnownFileType = sourcecode.c.h; path = SecondViewController.h; sourceTree = "<group>"; };
		D0E1081D1E7FC07100AA9E3E /* SecondViewController.m */ = {isa = PBXFileReference; fileEncoding = 4; lastKnownFileType = sourcecode.c.objc; path = SecondViewController.m; sourceTree = "<group>"; };
		D0E1081E1E7FC07100AA9E3E /* ViewController.h */ = {isa = PBXFileReference; fileEncoding = 4; lastKnownFileType = sourcecode.c.h; path = ViewController.h; sourceTree = "<group>"; };
		D0E1081F1E7FC07100AA9E3E /* ViewController.m */ = {isa = PBXFileReference; fileEncoding = 4; lastKnownFileType = sourcecode.c.objc; path = ViewController.m; sourceTree = "<group>"; };
		D0E108221E7FC90800AA9E3E /* UITapGestureRecognizer+UserStatistics.h */ = {isa = PBXFileReference; fileEncoding = 4; lastKnownFileType = sourcecode.c.h; path = "UITapGestureRecognizer+UserStatistics.h"; sourceTree = "<group>"; };
		D0E108231E7FC90800AA9E3E /* UITapGestureRecognizer+UserStatistics.m */ = {isa = PBXFileReference; fileEncoding = 4; lastKnownFileType = sourcecode.c.objc; path = "UITapGestureRecognizer+UserStatistics.m"; sourceTree = "<group>"; };
/* End PBXFileReference section */

/* Begin PBXFrameworksBuildPhase section */
		D0A653111E7FAE2F0045703D /* Frameworks */ = {
			isa = PBXFrameworksBuildPhase;
			buildActionMask = 2147483647;
			files = (
			);
			runOnlyForDeploymentPostprocessing = 0;
		};
/* End PBXFrameworksBuildPhase section */

/* Begin PBXGroup section */
		D0A6530B1E7FAE2F0045703D = {
			isa = PBXGroup;
			children = (
				D0A653161E7FAE2F0045703D /* EventTracking */,
				D0A653151E7FAE2F0045703D /* Products */,
			);
			sourceTree = "<group>";
		};
		D0A653151E7FAE2F0045703D /* Products */ = {
			isa = PBXGroup;
			children = (
				D0A653141E7FAE2F0045703D /* EventTracking.app */,
			);
			name = Products;
			sourceTree = "<group>";
		};
		D0A653161E7FAE2F0045703D /* EventTracking */ = {
			isa = PBXGroup;
			children = (
				D0E1081B1E7FC07100AA9E3E /* VC */,
				D0E1080C1E7FC06800AA9E3E /* TrackingTool */,
				D0A6531A1E7FAE2F0045703D /* AppDelegate.h */,
				D0A6531B1E7FAE2F0045703D /* AppDelegate.m */,
				D0A653201E7FAE2F0045703D /* Main.storyboard */,
				D0A653231E7FAE2F0045703D /* Assets.xcassets */,
				D0A653251E7FAE2F0045703D /* LaunchScreen.storyboard */,
				D0A653281E7FAE2F0045703D /* Info.plist */,
				D0A653171E7FAE2F0045703D /* Supporting Files */,
			);
			path = EventTracking;
			sourceTree = "<group>";
		};
		D0A653171E7FAE2F0045703D /* Supporting Files */ = {
			isa = PBXGroup;
			children = (
				D0A653181E7FAE2F0045703D /* main.m */,
			);
			name = "Supporting Files";
			sourceTree = "<group>";
		};
		D0E1080C1E7FC06800AA9E3E /* TrackingTool */ = {
			isa = PBXGroup;
			children = (
				D0E1080E1E7FC06800AA9E3E /* CBWHookUtility.h */,
				D0E1080F1E7FC06800AA9E3E /* CBWHookUtility.m */,
				D0E1080D1E7FC06800AA9E3E /* CBWGlobalUserStatisticsConfig.plist */,
				D0E108101E7FC06800AA9E3E /* QDUserStastisticsEventsTool.h */,
				D0E108111E7FC06800AA9E3E /* QDUserStastisticsEventsTool.m */,
				D0E108121E7FC06800AA9E3E /* UIButton+UserStastics.h */,
				D0E108131E7FC06800AA9E3E /* UIButton+UserStastics.m */,
				D0E108141E7FC06800AA9E3E /* UIViewController+UserStastistics.h */,
				D0E108151E7FC06800AA9E3E /* UIViewController+UserStastistics.m */,
				D0E108221E7FC90800AA9E3E /* UITapGestureRecognizer+UserStatistics.h */,
				D0E108231E7FC90800AA9E3E /* UITapGestureRecognizer+UserStatistics.m */,
			);
			path = TrackingTool;
			sourceTree = "<group>";
		};
		D0E1081B1E7FC07100AA9E3E /* VC */ = {
			isa = PBXGroup;
			children = (
				D0E1081C1E7FC07100AA9E3E /* SecondViewController.h */,
				D0E1081D1E7FC07100AA9E3E /* SecondViewController.m */,
				D0E1081E1E7FC07100AA9E3E /* ViewController.h */,
				D0E1081F1E7FC07100AA9E3E /* ViewController.m */,
			);
			path = VC;
			sourceTree = "<group>";
		};
/* End PBXGroup section */

/* Begin PBXNativeTarget section */
		D0A653131E7FAE2F0045703D /* EventTracking */ = {
			isa = PBXNativeTarget;
			buildConfigurationList = D0A6532B1E7FAE2F0045703D /* Build configuration list for PBXNativeTarget "EventTracking" */;
			buildPhases = (
				D0A653101E7FAE2F0045703D /* Sources */,
				D0A653111E7FAE2F0045703D /* Frameworks */,
				D0A653121E7FAE2F0045703D /* Resources */,
			);
			buildRules = (
			);
			dependencies = (
			);
			name = EventTracking;
			productName = EventTracking;
			productReference = D0A653141E7FAE2F0045703D /* EventTracking.app */;
			productType = "com.apple.product-type.application";
		};
/* End PBXNativeTarget section */

/* Begin PBXProject section */
		D0A6530C1E7FAE2F0045703D /* Project object */ = {
			isa = PBXProject;
			attributes = {
				LastUpgradeCheck = 0830;
				ORGANIZATIONNAME = chenbowen;
				TargetAttributes = {
					D0A653131E7FAE2F0045703D = {
						CreatedOnToolsVersion = 8.3;
						DevelopmentTeam = 3ZDX854EGM;
						ProvisioningStyle = Automatic;
					};
				};
			};
			buildConfigurationList = D0A6530F1E7FAE2F0045703D /* Build configuration list for PBXProject "EventTracking" */;
			compatibilityVersion = "Xcode 3.2";
			developmentRegion = English;
			hasScannedForEncodings = 0;
			knownRegions = (
				en,
				Base,
			);
			mainGroup = D0A6530B1E7FAE2F0045703D;
			productRefGroup = D0A653151E7FAE2F0045703D /* Products */;
			projectDirPath = "";
			projectRoot = "";
			targets = (
				D0A653131E7FAE2F0045703D /* EventTracking */,
			);
		};
/* End PBXProject section */

/* Begin PBXResourcesBuildPhase section */
		D0A653121E7FAE2F0045703D /* Resources */ = {
			isa = PBXResourcesBuildPhase;
			buildActionMask = 2147483647;
			files = (
				D0A653271E7FAE2F0045703D /* LaunchScreen.storyboard in Resources */,
				D0A653241E7FAE2F0045703D /* Assets.xcassets in Resources */,
				D0E108161E7FC06800AA9E3E /* CBWGlobalUserStatisticsConfig.plist in Resources */,
				D0A653221E7FAE2F0045703D /* Main.storyboard in Resources */,
			);
			runOnlyForDeploymentPostprocessing = 0;
		};
/* End PBXResourcesBuildPhase section */

/* Begin PBXSourcesBuildPhase section */
		D0A653101E7FAE2F0045703D /* Sources */ = {
			isa = PBXSourcesBuildPhase;
			buildActionMask = 2147483647;
			files = (
				D0E108241E7FC90800AA9E3E /* UITapGestureRecognizer+UserStatistics.m in Sources */,
				D0E1081A1E7FC06800AA9E3E /* UIViewController+UserStastistics.m in Sources */,
				D0A6531C1E7FAE2F0045703D /* AppDelegate.m in Sources */,
				D0E108211E7FC07100AA9E3E /* ViewController.m in Sources */,
				D0E108181E7FC06800AA9E3E /* QDUserStastisticsEventsTool.m in Sources */,
				D0E108201E7FC07100AA9E3E /* SecondViewController.m in Sources */,
				D0E108191E7FC06800AA9E3E /* UIButton+UserStastics.m in Sources */,
				D0E108171E7FC06800AA9E3E /* CBWHookUtility.m in Sources */,
				D0A653191E7FAE2F0045703D /* main.m in Sources */,
			);
			runOnlyForDeploymentPostprocessing = 0;
		};
/* End PBXSourcesBuildPhase section */

/* Begin PBXVariantGroup section */
		D0A653201E7FAE2F0045703D /* Main.storyboard */ = {
			isa = PBXVariantGroup;
			children = (
				D0A653211E7FAE2F0045703D /* Base */,
			);
			name = Main.storyboard;
			sourceTree = "<group>";
		};
		D0A653251E7FAE2F0045703D /* LaunchScreen.storyboard */ = {
			isa = PBXVariantGroup;
			children = (
				D0A653261E7FAE2F0045703D /* Base */,
			);
			name = LaunchScreen.storyboard;
			sourceTree = "<group>";
		};
/* End PBXVariantGroup section */

/* Begin XCBuildConfiguration section */
		D0A653291E7FAE2F0045703D /* Debug */ = {
			isa = XCBuildConfiguration;
			buildSettings = {
				ALWAYS_SEARCH_USER_PATHS = NO;
				CLANG_ANALYZER_NONNULL = YES;
				CLANG_ANALYZER_NUMBER_OBJECT_CONVERSION = YES_AGGRESSIVE;
				CLANG_CXX_LANGUAGE_STANDARD = "gnu++0x";
				CLANG_CXX_LIBRARY = "libc++";
				CLANG_ENABLE_MODULES = YES;
				CLANG_ENABLE_OBJC_ARC = YES;
				CLANG_WARN_BOOL_CONVERSION = YES;
				CLANG_WARN_CONSTANT_CONVERSION = YES;
				CLANG_WARN_DIRECT_OBJC_ISA_USAGE = YES_ERROR;
				CLANG_WARN_DOCUMENTATION_COMMENTS = YES;
				CLANG_WARN_EMPTY_BODY = YES;
				CLANG_WARN_ENUM_CONVERSION = YES;
				CLANG_WARN_INFINITE_RECURSION = YES;
				CLANG_WARN_INT_CONVERSION = YES;
				CLANG_WARN_OBJC_ROOT_CLASS = YES_ERROR;
				CLANG_WARN_SUSPICIOUS_MOVE = YES;
				CLANG_WARN_UNREACHABLE_CODE = YES;
				CLANG_WARN__DUPLICATE_METHOD_MATCH = YES;
				"CODE_SIGN_IDENTITY[sdk=iphoneos*]" = "iPhone Developer";
				COPY_PHASE_STRIP = NO;
				DEBUG_INFORMATION_FORMAT = dwarf;
				ENABLE_STRICT_OBJC_MSGSEND = YES;
				ENABLE_TESTABILITY = YES;
				GCC_C_LANGUAGE_STANDARD = gnu99;
				GCC_DYNAMIC_NO_PIC = NO;
				GCC_NO_COMMON_BLOCKS = YES;
				GCC_OPTIMIZATION_LEVEL = 0;
				GCC_PREPROCESSOR_DEFINITIONS = (
					"DEBUG=1",
					"$(inherited)",
				);
				GCC_WARN_64_TO_32_BIT_CONVERSION = YES;
				GCC_WARN_ABOUT_RETURN_TYPE = YES_ERROR;
				GCC_WARN_UNDECLARED_SELECTOR = YES;
				GCC_WARN_UNINITIALIZED_AUTOS = YES_AGGRESSIVE;
				GCC_WARN_UNUSED_FUNCTION = YES;
				GCC_WARN_UNUSED_VARIABLE = YES;
				IPHONEOS_DEPLOYMENT_TARGET = 10.3;
				MTL_ENABLE_DEBUG_INFO = YES;
				ONLY_ACTIVE_ARCH = YES;
				SDKROOT = iphoneos;
				TARGETED_DEVICE_FAMILY = "1,2";
			};
			name = Debug;
		};
		D0A6532A1E7FAE2F0045703D /* Release */ = {
			isa = XCBuildConfiguration;
			buildSettings = {
				ALWAYS_SEARCH_USER_PATHS = NO;
				CLANG_ANALYZER_NONNULL = YES;
				CLANG_ANALYZER_NUMBER_OBJECT_CONVERSION = YES_AGGRESSIVE;
				CLANG_CXX_LANGUAGE_STANDARD = "gnu++0x";
				CLANG_CXX_LIBRARY = "libc++";
				CLANG_ENABLE_MODULES = YES;
				CLANG_ENABLE_OBJC_ARC = YES;
				CLANG_WARN_BOOL_CONVERSION = YES;
				CLANG_WARN_CONSTANT_CONVERSION = YES;
				CLANG_WARN_DIRECT_OBJC_ISA_USAGE = YES_ERROR;
				CLANG_WARN_DOCUMENTATION_COMMENTS = YES;
				CLANG_WARN_EMPTY_BODY = YES;
				CLANG_WARN_ENUM_CONVERSION = YES;
				CLANG_WARN_INFINITE_RECURSION = YES;
				CLANG_WARN_INT_CONVERSION = YES;
				CLANG_WARN_OBJC_ROOT_CLASS = YES_ERROR;
				CLANG_WARN_SUSPICIOUS_MOVE = YES;
				CLANG_WARN_UNREACHABLE_CODE = YES;
				CLANG_WARN__DUPLICATE_METHOD_MATCH = YES;
				"CODE_SIGN_IDENTITY[sdk=iphoneos*]" = "iPhone Developer";
				COPY_PHASE_STRIP = NO;
				DEBUG_INFORMATION_FORMAT = "dwarf-with-dsym";
				ENABLE_NS_ASSERTIONS = NO;
				ENABLE_STRICT_OBJC_MSGSEND = YES;
				GCC_C_LANGUAGE_STANDARD = gnu99;
				GCC_NO_COMMON_BLOCKS = YES;
				GCC_WARN_64_TO_32_BIT_CONVERSION = YES;
				GCC_WARN_ABOUT_RETURN_TYPE = YES_ERROR;
				GCC_WARN_UNDECLARED_SELECTOR = YES;
				GCC_WARN_UNINITIALIZED_AUTOS = YES_AGGRESSIVE;
				GCC_WARN_UNUSED_FUNCTION = YES;
				GCC_WARN_UNUSED_VARIABLE = YES;
				IPHONEOS_DEPLOYMENT_TARGET = 10.3;
				MTL_ENABLE_DEBUG_INFO = NO;
				SDKROOT = iphoneos;
				TARGETED_DEVICE_FAMILY = "1,2";
				VALIDATE_PRODUCT = YES;
			};
			name = Release;
		};
		D0A6532C1E7FAE2F0045703D /* Debug */ = {
			isa = XCBuildConfiguration;
			buildSettings = {
				ASSETCATALOG_COMPILER_APPICON_NAME = AppIcon;
				DEVELOPMENT_TEAM = 3ZDX854EGM;
				INFOPLIST_FILE = EventTracking/Info.plist;
				LD_RUNPATH_SEARCH_PATHS = "$(inherited) @executable_path/Frameworks";
				PRODUCT_BUNDLE_IDENTIFIER = com.cbw.EventTracking;
				PRODUCT_NAME = "$(TARGET_NAME)";
			};
			name = Debug;
		};
		D0A6532D1E7FAE2F0045703D /* Release */ = {
			isa = XCBuildConfiguration;
			buildSettings = {
				ASSETCATALOG_COMPILER_APPICON_NAME = AppIcon;
				DEVELOPMENT_TEAM = 3ZDX854EGM;
				INFOPLIST_FILE = EventTracking/Info.plist;
				LD_RUNPATH_SEARCH_PATHS = "$(inherited) @executable_path/Frameworks";
				PRODUCT_BUNDLE_IDENTIFIER = com.cbw.EventTracking;
				PRODUCT_NAME = "$(TARGET_NAME)";
			};
			name = Release;
		};
/* End XCBuildConfiguration section */

/* Begin XCConfigurationList section */
		D0A6530F1E7FAE2F0045703D /* Build configuration list for PBXProject "EventTracking" */ = {
			isa = XCConfigurationList;
			buildConfigurations = (
				D0A653291E7FAE2F0045703D /* Debug */,
				D0A6532A1E7FAE2F0045703D /* Release */,
			);
			defaultConfigurationIsVisible = 0;
			defaultConfigurationName = Release;
		};
		D0A6532B1E7FAE2F0045703D /* Build configuration list for PBXNativeTarget "EventTracking" */ = {
			isa = XCConfigurationList;
			buildConfigurations = (
				D0A6532C1E7FAE2F0045703D /* Debug */,
				D0A6532D1E7FAE2F0045703D /* Release */,
			);
			defaultConfigurationIsVisible = 0;
			defaultConfigurationName = Release;
		};
/* End XCConfigurationList section */
	};
	rootObject = D0A6530C1E7FAE2F0045703D /* Project object */;
}
